
Microsoft Visual Studio Solution File, Format Version 12.00
Project("{FAE04EC0-301F-11D3-BF4B-00C04F79EFBC}") = "SandboxGame", "SandboxGame\SandboxGame.csproj", "{875BC176-DDB6-4B1A-8C71-28D0E5416CB2}"
EndProject
Project("{FAE04EC0-301F-11D3-BF4B-00C04F79EFBC}") = "AssetImporter", "AssetImporter\AssetImporter.csproj", "{EC2D0A7D-24CE-4D30-BD02-D1203F48EE75}"
EndProject
Project("{FAE04EC0-301F-11D3-BF4B-00C04F79EFBC}") = "SnakeGame", "SnakeGame\SnakeGame.csproj", "{6552609F-B741-4F0F-80A1-4D54F21585B7}"
EndProject
Project("{FAE04EC0-301F-11D3-BF4B-00C04F79EFBC}") = "OpenGL.NET", "OpenGL.NET\OpenGL.NET.csproj", "{FE34454F-97B8-4DA4-BE45-E17EAEAB9817}"
EndProject
Project("{FAE04EC0-301F-11D3-BF4B-00C04F79EFBC}") = "Glfw.NET", "Glfw.NET\Glfw.NET.csproj", "{2314057E-1B48-43EA-B2DB-E3D9B60F17F0}"
EndProject
Project("{FAE04EC0-301F-11D3-BF4B-00C04F79EFBC}") = "EasyGameFramework", "EasyGameFramework\EasyGameFramework.csproj", "{506B4D52-CC81-4DAC-B979-64A50C4270B2}"
EndProject
Project("{FAE04EC0-301F-11D3-BF4B-00C04F79EFBC}") = "SimplePlatformer", "SimplePlatformer\SimplePlatformer.csproj", "{1921E4B3-B737-4465-8E42-C462BDA61460}"
EndProject
Project("{FAE04EC0-301F-11D3-BF4B-00C04F79EFBC}") = "Pong", "Pong\Pong.csproj", "{4B783C27-C1A1-4D87-A928-10D7BD84C2F1}"
EndProject
Project("{FAE04EC0-301F-11D3-BF4B-00C04F79EFBC}") = "EasyGameFramework.Glfw", "EasyGameFramework.Glfw\EasyGameFramework.Glfw.csproj", "{AFD2FF06-969C-4683-ADF0-7DB6D7B70981}"
EndProject
Project("{FAE04EC0-301F-11D3-BF4B-00C04F79EFBC}") = "EasyGameFramework.Builder", "EasyGameFramework.Builder\EasyGameFramework.Builder.csproj", "{5A7289C6-B3E3-4C11-8A8D-CB9764B1BDE2}"
EndProject
Project("{FAE04EC0-301F-11D3-BF4B-00C04F79EFBC}") = "EasyGameFramework.OpenGL", "EasyGameFramework.OpenGL\EasyGameFramework.OpenGL.csproj", "{88DC6F9F-A757-4B42-8A35-8F3255C80929}"
EndProject
Project("{FAE04EC0-301F-11D3-BF4B-00C04F79EFBC}") = "CombatBeesBenchmark", "CombatBeesBenchmark\CombatBeesBenchmark.csproj", "{033831AB-B2B9-4CC4-9B35-85EEC96DBE30}"
EndProject
Project("{FAE04EC0-301F-11D3-BF4B-00C04F79EFBC}") = "DataOriented.Pong", "DataOriented.Pong\DataOriented.Pong.csproj", "{A6BC0F22-DD52-4859-AF50-5D36958D1D94}"
EndProject
Project("{FAE04EC0-301F-11D3-BF4B-00C04F79EFBC}") = "EasyGameFramework.Experimental", "EasyGameFramework.Experimental\EasyGameFramework.Experimental.csproj", "{712307B9-BB28-4A1B-AD47-6E0D3D6B061C}"
EndProject
Project("{FAE04EC0-301F-11D3-BF4B-00C04F79EFBC}") = "CombatBeesBenchmarkV2", "CombatBeesBenchmarkV2\CombatBeesBenchmarkV2.csproj", "{102B17AF-8920-4ED5-9578-D0DCE43A712C}"
EndProject
Project("{FAE04EC0-301F-11D3-BF4B-00C04F79EFBC}") = "OpenGLSandbox", "OpenGLSandbox\OpenGLSandbox.csproj", "{21573832-5B5D-4FB8-9542-051F9E29DE8F}"
EndProject
Project("{FAE04EC0-301F-11D3-BF4B-00C04F79EFBC}") = "OpenGLBindingsGenerator", "OpenGLBindingsGenerator\OpenGLBindingsGenerator.csproj", "{447DAE85-08DC-4615-8290-C8A475B3B984}"
EndProject
Project("{FAE04EC0-301F-11D3-BF4B-00C04F79EFBC}") = "ModelViewer", "ModelViewer\ModelViewer.csproj", "{F2C771BA-4702-4820-9927-F03D7DF26B17}"
EndProject
Project("{FAE04EC0-301F-11D3-BF4B-00C04F79EFBC}") = "EasyGameFramework.GUI", "EasyGameFramework.GUI\EasyGameFramework.GUI.csproj", "{350E0F47-2A19-4964-84BB-5046468F4FD6}"
EndProject
Project("{FAE04EC0-301F-11D3-BF4B-00C04F79EFBC}") = "EasyGameFramework.Common", "EasyGameFramework.Common\EasyGameFramework.Common.csproj", "{3DF82680-9481-43EF-BD4B-AE590F2AA0B1}"
EndProject
Project("{FAE04EC0-301F-11D3-BF4B-00C04F79EFBC}") = "EasyGameFramework.GUI.Backgend", "EasyGameFramework.GUI.Backgend\EasyGameFramework.GUI.Backgend.csproj", "{6DE4D10F-BF44-4FC2-8A28-58F7AA55B646}"
EndProject
Project("{FAE04EC0-301F-11D3-BF4B-00C04F79EFBC}") = "CombatBeesBenchmarkV3", "CombatBeesBenchmarkV3\CombatBeesBenchmarkV3.csproj", "{046CD627-4A50-4D0B-B7F2-831DF9C6197A}"
EndProject
Project("{FAE04EC0-301F-11D3-BF4B-00C04F79EFBC}") = "Tetris", "Tetris\Tetris.csproj", "{26DF5F50-9C55-4FA2-B3BA-0580FEEB8452}"
EndProject
Project("{FAE04EC0-301F-11D3-BF4B-00C04F79EFBC}") = "OOPEcs", "OOPEcs\OOPEcs.csproj", "{AEA78C9E-AA74-4B2C-BE90-FF4FC8AEB654}"
EndProject
Project("{FAE04EC0-301F-11D3-BF4B-00C04F79EFBC}") = "SlangIntegrationTest", "SlangIntegrationTest\SlangIntegrationTest.csproj", "{D8F5AF25-95FC-4DBB-8281-266134FA06B8}"
EndProject
Project("{FAE04EC0-301F-11D3-BF4B-00C04F79EFBC}") = "Bricks", "Bricks\Bricks.csproj", "{2B193459-0ABE-43D9-8AE9-D6DBE9BBDCF3}"
EndProject
Project("{FAE04EC0-301F-11D3-BF4B-00C04F79EFBC}") = "OpenGlWrapper", "OpenGlWrapper\OpenGlWrapper.csproj", "{F76606B5-C7E8-4969-93DE-80D94194EDFB}"
EndProject
Project("{FAE04EC0-301F-11D3-BF4B-00C04F79EFBC}") = "OpenGlWrapper.Tests", "OpenGlWrapper.Tests\OpenGlWrapper.Tests.csproj", "{264A612D-5371-4C39-BD5C-CCE873B031C7}"
EndProject
Project("{FAE04EC0-301F-11D3-BF4B-00C04F79EFBC}") = "Brickz.MonoGame", "Brickz.MonoGame\Brickz.MonoGame.csproj", "{F4449B06-D0E2-4DD0-9DD0-7209ABFEE9E6}"
EndProject
Project("{FAE04EC0-301F-11D3-BF4B-00C04F79EFBC}") = "Brickz.Raylib", "Brickz.Raylib\Brickz.Raylib.csproj", "{957A87C4-9286-4CD4-A69E-AAD869221E9B}"
EndProject
Project("{FAE04EC0-301F-11D3-BF4B-00C04F79EFBC}") = "NodeGraphApp", "NodeGraphApp\NodeGraphApp.csproj", "{78B6A015-58CB-499B-9478-0445872994DF}"
EndProject
Project("{FAE04EC0-301F-11D3-BF4B-00C04F79EFBC}") = "MsdfBmpFont", "MsdfBmpFont\MsdfBmpFont.csproj", "{B4806026-20E3-4992-BB1E-F77C52354493}"
EndProject
Project("{FAE04EC0-301F-11D3-BF4B-00C04F79EFBC}") = "PngSharp", "PngSharp\PngSharp\PngSharp.csproj", "{EE035961-7E6F-44B2-ABCD-A071D822C6C1}"
EndProject
Project("{FAE04EC0-301F-11D3-BF4B-00C04F79EFBC}") = "ZGF.Spatial", "ZGF.Spatial\ZGF.Spatial.csproj", "{FBD80275-C07B-4C38-B7E3-B45C584BFDD4}"
EndProject
Project("{FAE04EC0-301F-11D3-BF4B-00C04F79EFBC}") = "SoftwareRendererModule", "SoftwareRendererModule\SoftwareRendererModule.csproj", "{32D0F3A9-FEFA-4F50-A73D-E3684F54B494}"
EndProject
Project("{FAE04EC0-301F-11D3-BF4B-00C04F79EFBC}") = "QuadTreeRendererProgram", "QuadTreeRendererProgram\QuadTreeRendererProgram.csproj", "{D59D04E3-91AB-4A41-8376-DE973C7F335F}"
EndProject
Project("{FAE04EC0-301F-11D3-BF4B-00C04F79EFBC}") = "ZGF.Geometry", "ZGF.Geometry\ZGF.Geometry.csproj", "{1BBB564D-4A1C-48D8-B189-B1DEB417C06D}"
EndProject
Project("{FAE04EC0-301F-11D3-BF4B-00C04F79EFBC}") = "ZGF.Core", "ZGF.Core\ZGF.Core.csproj", "{12A03870-B9AE-40B0-83FB-0E3D4E28CC65}"
EndProject
Project("{FAE04EC0-301F-11D3-BF4B-00C04F79EFBC}") = "ZGF.Gui", "ZGF.Gui\ZGF.Gui.csproj", "{F7CF470B-7A28-474F-B061-10E8FC96191A}"
EndProject
Project("{FAE04EC0-301F-11D3-BF4B-00C04F79EFBC}") = "ZGF.Gui.Tests", "ZGF.Gui.Tests\ZGF.Gui.Tests.csproj", "{8CD6673C-1BBF-4A13-924A-6FF4040DB8FA}"
EndProject
Project("{FAE04EC0-301F-11D3-BF4B-00C04F79EFBC}") = "ZGF.BMFontModule", "ZGF.BMFontModule\ZGF.BMFontModule.csproj", "{62706035-9C40-45A5-9BC5-9D0C921BA7D8}"
EndProject
Global
	GlobalSection(SolutionConfigurationPlatforms) = preSolution
		Debug|Any CPU = Debug|Any CPU
		Release|Any CPU = Release|Any CPU
	EndGlobalSection
	GlobalSection(ProjectConfigurationPlatforms) = postSolution
		{875BC176-DDB6-4B1A-8C71-28D0E5416CB2}.Debug|Any CPU.ActiveCfg = Debug|Any CPU
		{875BC176-DDB6-4B1A-8C71-28D0E5416CB2}.Debug|Any CPU.Build.0 = Debug|Any CPU
		{875BC176-DDB6-4B1A-8C71-28D0E5416CB2}.Release|Any CPU.ActiveCfg = Release|Any CPU
		{875BC176-DDB6-4B1A-8C71-28D0E5416CB2}.Release|Any CPU.Build.0 = Release|Any CPU
		{EC2D0A7D-24CE-4D30-BD02-D1203F48EE75}.Debug|Any CPU.ActiveCfg = Debug|Any CPU
		{EC2D0A7D-24CE-4D30-BD02-D1203F48EE75}.Debug|Any CPU.Build.0 = Debug|Any CPU
		{EC2D0A7D-24CE-4D30-BD02-D1203F48EE75}.Release|Any CPU.ActiveCfg = Release|Any CPU
		{EC2D0A7D-24CE-4D30-BD02-D1203F48EE75}.Release|Any CPU.Build.0 = Release|Any CPU
		{6552609F-B741-4F0F-80A1-4D54F21585B7}.Debug|Any CPU.ActiveCfg = Debug|Any CPU
		{6552609F-B741-4F0F-80A1-4D54F21585B7}.Debug|Any CPU.Build.0 = Debug|Any CPU
		{6552609F-B741-4F0F-80A1-4D54F21585B7}.Release|Any CPU.ActiveCfg = Release|Any CPU
		{6552609F-B741-4F0F-80A1-4D54F21585B7}.Release|Any CPU.Build.0 = Release|Any CPU
		{FE34454F-97B8-4DA4-BE45-E17EAEAB9817}.Debug|Any CPU.ActiveCfg = Debug|Any CPU
		{FE34454F-97B8-4DA4-BE45-E17EAEAB9817}.Debug|Any CPU.Build.0 = Debug|Any CPU
		{FE34454F-97B8-4DA4-BE45-E17EAEAB9817}.Release|Any CPU.ActiveCfg = Release|Any CPU
		{FE34454F-97B8-4DA4-BE45-E17EAEAB9817}.Release|Any CPU.Build.0 = Release|Any CPU
		{2314057E-1B48-43EA-B2DB-E3D9B60F17F0}.Debug|Any CPU.ActiveCfg = Debug|Any CPU
		{2314057E-1B48-43EA-B2DB-E3D9B60F17F0}.Debug|Any CPU.Build.0 = Debug|Any CPU
		{2314057E-1B48-43EA-B2DB-E3D9B60F17F0}.Release|Any CPU.ActiveCfg = Release|Any CPU
		{2314057E-1B48-43EA-B2DB-E3D9B60F17F0}.Release|Any CPU.Build.0 = Release|Any CPU
		{506B4D52-CC81-4DAC-B979-64A50C4270B2}.Debug|Any CPU.ActiveCfg = Debug|Any CPU
		{506B4D52-CC81-4DAC-B979-64A50C4270B2}.Debug|Any CPU.Build.0 = Debug|Any CPU
		{506B4D52-CC81-4DAC-B979-64A50C4270B2}.Release|Any CPU.ActiveCfg = Release|Any CPU
		{506B4D52-CC81-4DAC-B979-64A50C4270B2}.Release|Any CPU.Build.0 = Release|Any CPU
		{1921E4B3-B737-4465-8E42-C462BDA61460}.Debug|Any CPU.ActiveCfg = Debug|Any CPU
		{1921E4B3-B737-4465-8E42-C462BDA61460}.Debug|Any CPU.Build.0 = Debug|Any CPU
		{1921E4B3-B737-4465-8E42-C462BDA61460}.Release|Any CPU.ActiveCfg = Release|Any CPU
		{1921E4B3-B737-4465-8E42-C462BDA61460}.Release|Any CPU.Build.0 = Release|Any CPU
		{4B783C27-C1A1-4D87-A928-10D7BD84C2F1}.Debug|Any CPU.ActiveCfg = Debug|Any CPU
		{4B783C27-C1A1-4D87-A928-10D7BD84C2F1}.Debug|Any CPU.Build.0 = Debug|Any CPU
		{4B783C27-C1A1-4D87-A928-10D7BD84C2F1}.Release|Any CPU.ActiveCfg = Release|Any CPU
		{4B783C27-C1A1-4D87-A928-10D7BD84C2F1}.Release|Any CPU.Build.0 = Release|Any CPU
		{AFD2FF06-969C-4683-ADF0-7DB6D7B70981}.Debug|Any CPU.ActiveCfg = Debug|Any CPU
		{AFD2FF06-969C-4683-ADF0-7DB6D7B70981}.Debug|Any CPU.Build.0 = Debug|Any CPU
		{AFD2FF06-969C-4683-ADF0-7DB6D7B70981}.Release|Any CPU.ActiveCfg = Release|Any CPU
		{AFD2FF06-969C-4683-ADF0-7DB6D7B70981}.Release|Any CPU.Build.0 = Release|Any CPU
		{5A7289C6-B3E3-4C11-8A8D-CB9764B1BDE2}.Debug|Any CPU.ActiveCfg = Debug|Any CPU
		{5A7289C6-B3E3-4C11-8A8D-CB9764B1BDE2}.Debug|Any CPU.Build.0 = Debug|Any CPU
		{5A7289C6-B3E3-4C11-8A8D-CB9764B1BDE2}.Release|Any CPU.ActiveCfg = Release|Any CPU
		{5A7289C6-B3E3-4C11-8A8D-CB9764B1BDE2}.Release|Any CPU.Build.0 = Release|Any CPU
		{88DC6F9F-A757-4B42-8A35-8F3255C80929}.Debug|Any CPU.ActiveCfg = Debug|Any CPU
		{88DC6F9F-A757-4B42-8A35-8F3255C80929}.Debug|Any CPU.Build.0 = Debug|Any CPU
		{88DC6F9F-A757-4B42-8A35-8F3255C80929}.Release|Any CPU.ActiveCfg = Release|Any CPU
		{88DC6F9F-A757-4B42-8A35-8F3255C80929}.Release|Any CPU.Build.0 = Release|Any CPU
		{033831AB-B2B9-4CC4-9B35-85EEC96DBE30}.Debug|Any CPU.ActiveCfg = Debug|Any CPU
		{033831AB-B2B9-4CC4-9B35-85EEC96DBE30}.Debug|Any CPU.Build.0 = Debug|Any CPU
		{033831AB-B2B9-4CC4-9B35-85EEC96DBE30}.Release|Any CPU.ActiveCfg = Release|Any CPU
		{033831AB-B2B9-4CC4-9B35-85EEC96DBE30}.Release|Any CPU.Build.0 = Release|Any CPU
		{A6BC0F22-DD52-4859-AF50-5D36958D1D94}.Debug|Any CPU.ActiveCfg = Debug|Any CPU
		{A6BC0F22-DD52-4859-AF50-5D36958D1D94}.Debug|Any CPU.Build.0 = Debug|Any CPU
		{A6BC0F22-DD52-4859-AF50-5D36958D1D94}.Release|Any CPU.ActiveCfg = Release|Any CPU
		{A6BC0F22-DD52-4859-AF50-5D36958D1D94}.Release|Any CPU.Build.0 = Release|Any CPU
		{712307B9-BB28-4A1B-AD47-6E0D3D6B061C}.Debug|Any CPU.ActiveCfg = Debug|Any CPU
		{712307B9-BB28-4A1B-AD47-6E0D3D6B061C}.Debug|Any CPU.Build.0 = Debug|Any CPU
		{712307B9-BB28-4A1B-AD47-6E0D3D6B061C}.Release|Any CPU.ActiveCfg = Release|Any CPU
		{712307B9-BB28-4A1B-AD47-6E0D3D6B061C}.Release|Any CPU.Build.0 = Release|Any CPU
		{102B17AF-8920-4ED5-9578-D0DCE43A712C}.Debug|Any CPU.ActiveCfg = Debug|Any CPU
		{102B17AF-8920-4ED5-9578-D0DCE43A712C}.Debug|Any CPU.Build.0 = Debug|Any CPU
		{102B17AF-8920-4ED5-9578-D0DCE43A712C}.Release|Any CPU.ActiveCfg = Release|Any CPU
		{102B17AF-8920-4ED5-9578-D0DCE43A712C}.Release|Any CPU.Build.0 = Release|Any CPU
		{21573832-5B5D-4FB8-9542-051F9E29DE8F}.Debug|Any CPU.ActiveCfg = Debug|Any CPU
		{21573832-5B5D-4FB8-9542-051F9E29DE8F}.Debug|Any CPU.Build.0 = Debug|Any CPU
		{21573832-5B5D-4FB8-9542-051F9E29DE8F}.Release|Any CPU.ActiveCfg = Release|Any CPU
		{21573832-5B5D-4FB8-9542-051F9E29DE8F}.Release|Any CPU.Build.0 = Release|Any CPU
		{447DAE85-08DC-4615-8290-C8A475B3B984}.Debug|Any CPU.ActiveCfg = Debug|Any CPU
		{447DAE85-08DC-4615-8290-C8A475B3B984}.Debug|Any CPU.Build.0 = Debug|Any CPU
		{447DAE85-08DC-4615-8290-C8A475B3B984}.Release|Any CPU.ActiveCfg = Release|Any CPU
		{447DAE85-08DC-4615-8290-C8A475B3B984}.Release|Any CPU.Build.0 = Release|Any CPU
		{F2C771BA-4702-4820-9927-F03D7DF26B17}.Debug|Any CPU.ActiveCfg = Debug|Any CPU
		{F2C771BA-4702-4820-9927-F03D7DF26B17}.Debug|Any CPU.Build.0 = Debug|Any CPU
		{F2C771BA-4702-4820-9927-F03D7DF26B17}.Release|Any CPU.ActiveCfg = Release|Any CPU
		{F2C771BA-4702-4820-9927-F03D7DF26B17}.Release|Any CPU.Build.0 = Release|Any CPU
		{350E0F47-2A19-4964-84BB-5046468F4FD6}.Debug|Any CPU.ActiveCfg = Debug|Any CPU
		{350E0F47-2A19-4964-84BB-5046468F4FD6}.Debug|Any CPU.Build.0 = Debug|Any CPU
		{350E0F47-2A19-4964-84BB-5046468F4FD6}.Release|Any CPU.ActiveCfg = Release|Any CPU
		{350E0F47-2A19-4964-84BB-5046468F4FD6}.Release|Any CPU.Build.0 = Release|Any CPU
		{3DF82680-9481-43EF-BD4B-AE590F2AA0B1}.Debug|Any CPU.ActiveCfg = Debug|Any CPU
		{3DF82680-9481-43EF-BD4B-AE590F2AA0B1}.Debug|Any CPU.Build.0 = Debug|Any CPU
		{3DF82680-9481-43EF-BD4B-AE590F2AA0B1}.Release|Any CPU.ActiveCfg = Release|Any CPU
		{3DF82680-9481-43EF-BD4B-AE590F2AA0B1}.Release|Any CPU.Build.0 = Release|Any CPU
		{6DE4D10F-BF44-4FC2-8A28-58F7AA55B646}.Debug|Any CPU.ActiveCfg = Debug|Any CPU
		{6DE4D10F-BF44-4FC2-8A28-58F7AA55B646}.Debug|Any CPU.Build.0 = Debug|Any CPU
		{6DE4D10F-BF44-4FC2-8A28-58F7AA55B646}.Release|Any CPU.ActiveCfg = Release|Any CPU
		{6DE4D10F-BF44-4FC2-8A28-58F7AA55B646}.Release|Any CPU.Build.0 = Release|Any CPU
		{046CD627-4A50-4D0B-B7F2-831DF9C6197A}.Debug|Any CPU.ActiveCfg = Debug|Any CPU
		{046CD627-4A50-4D0B-B7F2-831DF9C6197A}.Debug|Any CPU.Build.0 = Debug|Any CPU
		{046CD627-4A50-4D0B-B7F2-831DF9C6197A}.Release|Any CPU.ActiveCfg = Release|Any CPU
		{046CD627-4A50-4D0B-B7F2-831DF9C6197A}.Release|Any CPU.Build.0 = Release|Any CPU
		{26DF5F50-9C55-4FA2-B3BA-0580FEEB8452}.Debug|Any CPU.ActiveCfg = Debug|Any CPU
		{26DF5F50-9C55-4FA2-B3BA-0580FEEB8452}.Debug|Any CPU.Build.0 = Debug|Any CPU
		{26DF5F50-9C55-4FA2-B3BA-0580FEEB8452}.Release|Any CPU.ActiveCfg = Release|Any CPU
		{26DF5F50-9C55-4FA2-B3BA-0580FEEB8452}.Release|Any CPU.Build.0 = Release|Any CPU
		{AEA78C9E-AA74-4B2C-BE90-FF4FC8AEB654}.Debug|Any CPU.ActiveCfg = Debug|Any CPU
		{AEA78C9E-AA74-4B2C-BE90-FF4FC8AEB654}.Debug|Any CPU.Build.0 = Debug|Any CPU
		{AEA78C9E-AA74-4B2C-BE90-FF4FC8AEB654}.Release|Any CPU.ActiveCfg = Release|Any CPU
		{AEA78C9E-AA74-4B2C-BE90-FF4FC8AEB654}.Release|Any CPU.Build.0 = Release|Any CPU
		{D8F5AF25-95FC-4DBB-8281-266134FA06B8}.Debug|Any CPU.ActiveCfg = Debug|Any CPU
		{D8F5AF25-95FC-4DBB-8281-266134FA06B8}.Debug|Any CPU.Build.0 = Debug|Any CPU
		{D8F5AF25-95FC-4DBB-8281-266134FA06B8}.Release|Any CPU.ActiveCfg = Release|Any CPU
		{D8F5AF25-95FC-4DBB-8281-266134FA06B8}.Release|Any CPU.Build.0 = Release|Any CPU
		{2B193459-0ABE-43D9-8AE9-D6DBE9BBDCF3}.Debug|Any CPU.ActiveCfg = Debug|Any CPU
		{2B193459-0ABE-43D9-8AE9-D6DBE9BBDCF3}.Debug|Any CPU.Build.0 = Debug|Any CPU
		{2B193459-0ABE-43D9-8AE9-D6DBE9BBDCF3}.Release|Any CPU.ActiveCfg = Release|Any CPU
		{2B193459-0ABE-43D9-8AE9-D6DBE9BBDCF3}.Release|Any CPU.Build.0 = Release|Any CPU
		{F76606B5-C7E8-4969-93DE-80D94194EDFB}.Debug|Any CPU.ActiveCfg = Debug|Any CPU
		{F76606B5-C7E8-4969-93DE-80D94194EDFB}.Debug|Any CPU.Build.0 = Debug|Any CPU
		{F76606B5-C7E8-4969-93DE-80D94194EDFB}.Release|Any CPU.ActiveCfg = Release|Any CPU
		{F76606B5-C7E8-4969-93DE-80D94194EDFB}.Release|Any CPU.Build.0 = Release|Any CPU
		{264A612D-5371-4C39-BD5C-CCE873B031C7}.Debug|Any CPU.ActiveCfg = Debug|Any CPU
		{264A612D-5371-4C39-BD5C-CCE873B031C7}.Debug|Any CPU.Build.0 = Debug|Any CPU
		{264A612D-5371-4C39-BD5C-CCE873B031C7}.Release|Any CPU.ActiveCfg = Release|Any CPU
		{264A612D-5371-4C39-BD5C-CCE873B031C7}.Release|Any CPU.Build.0 = Release|Any CPU
		{F4449B06-D0E2-4DD0-9DD0-7209ABFEE9E6}.Debug|Any CPU.ActiveCfg = Debug|Any CPU
		{F4449B06-D0E2-4DD0-9DD0-7209ABFEE9E6}.Debug|Any CPU.Build.0 = Debug|Any CPU
		{F4449B06-D0E2-4DD0-9DD0-7209ABFEE9E6}.Release|Any CPU.ActiveCfg = Release|Any CPU
		{F4449B06-D0E2-4DD0-9DD0-7209ABFEE9E6}.Release|Any CPU.Build.0 = Release|Any CPU
		{957A87C4-9286-4CD4-A69E-AAD869221E9B}.Debug|Any CPU.ActiveCfg = Debug|Any CPU
		{957A87C4-9286-4CD4-A69E-AAD869221E9B}.Debug|Any CPU.Build.0 = Debug|Any CPU
		{957A87C4-9286-4CD4-A69E-AAD869221E9B}.Release|Any CPU.ActiveCfg = Release|Any CPU
		{957A87C4-9286-4CD4-A69E-AAD869221E9B}.Release|Any CPU.Build.0 = Release|Any CPU
		{78B6A015-58CB-499B-9478-0445872994DF}.Debug|Any CPU.ActiveCfg = Debug|Any CPU
		{78B6A015-58CB-499B-9478-0445872994DF}.Debug|Any CPU.Build.0 = Debug|Any CPU
		{78B6A015-58CB-499B-9478-0445872994DF}.Release|Any CPU.ActiveCfg = Release|Any CPU
		{78B6A015-58CB-499B-9478-0445872994DF}.Release|Any CPU.Build.0 = Release|Any CPU
		{B4806026-20E3-4992-BB1E-F77C52354493}.Debug|Any CPU.ActiveCfg = Debug|Any CPU
		{B4806026-20E3-4992-BB1E-F77C52354493}.Debug|Any CPU.Build.0 = Debug|Any CPU
		{B4806026-20E3-4992-BB1E-F77C52354493}.Release|Any CPU.ActiveCfg = Release|Any CPU
		{B4806026-20E3-4992-BB1E-F77C52354493}.Release|Any CPU.Build.0 = Release|Any CPU
		{EE035961-7E6F-44B2-ABCD-A071D822C6C1}.Debug|Any CPU.ActiveCfg = Debug|Any CPU
		{EE035961-7E6F-44B2-ABCD-A071D822C6C1}.Debug|Any CPU.Build.0 = Debug|Any CPU
		{EE035961-7E6F-44B2-ABCD-A071D822C6C1}.Release|Any CPU.ActiveCfg = Release|Any CPU
		{EE035961-7E6F-44B2-ABCD-A071D822C6C1}.Release|Any CPU.Build.0 = Release|Any CPU
		{FBD80275-C07B-4C38-B7E3-B45C584BFDD4}.Debug|Any CPU.ActiveCfg = Debug|Any CPU
		{FBD80275-C07B-4C38-B7E3-B45C584BFDD4}.Debug|Any CPU.Build.0 = Debug|Any CPU
		{FBD80275-C07B-4C38-B7E3-B45C584BFDD4}.Release|Any CPU.ActiveCfg = Release|Any CPU
		{FBD80275-C07B-4C38-B7E3-B45C584BFDD4}.Release|Any CPU.Build.0 = Release|Any CPU
		{32D0F3A9-FEFA-4F50-A73D-E3684F54B494}.Debug|Any CPU.ActiveCfg = Debug|Any CPU
		{32D0F3A9-FEFA-4F50-A73D-E3684F54B494}.Debug|Any CPU.Build.0 = Debug|Any CPU
		{32D0F3A9-FEFA-4F50-A73D-E3684F54B494}.Release|Any CPU.ActiveCfg = Release|Any CPU
		{32D0F3A9-FEFA-4F50-A73D-E3684F54B494}.Release|Any CPU.Build.0 = Release|Any CPU
		{D59D04E3-91AB-4A41-8376-DE973C7F335F}.Debug|Any CPU.ActiveCfg = Debug|Any CPU
		{D59D04E3-91AB-4A41-8376-DE973C7F335F}.Debug|Any CPU.Build.0 = Debug|Any CPU
		{D59D04E3-91AB-4A41-8376-DE973C7F335F}.Release|Any CPU.ActiveCfg = Release|Any CPU
		{D59D04E3-91AB-4A41-8376-DE973C7F335F}.Release|Any CPU.Build.0 = Release|Any CPU
		{1BBB564D-4A1C-48D8-B189-B1DEB417C06D}.Debug|Any CPU.ActiveCfg = Debug|Any CPU
		{1BBB564D-4A1C-48D8-B189-B1DEB417C06D}.Debug|Any CPU.Build.0 = Debug|Any CPU
		{1BBB564D-4A1C-48D8-B189-B1DEB417C06D}.Release|Any CPU.ActiveCfg = Release|Any CPU
		{1BBB564D-4A1C-48D8-B189-B1DEB417C06D}.Release|Any CPU.Build.0 = Release|Any CPU
		{12A03870-B9AE-40B0-83FB-0E3D4E28CC65}.Debug|Any CPU.ActiveCfg = Debug|Any CPU
		{12A03870-B9AE-40B0-83FB-0E3D4E28CC65}.Debug|Any CPU.Build.0 = Debug|Any CPU
		{12A03870-B9AE-40B0-83FB-0E3D4E28CC65}.Release|Any CPU.ActiveCfg = Release|Any CPU
		{12A03870-B9AE-40B0-83FB-0E3D4E28CC65}.Release|Any CPU.Build.0 = Release|Any CPU
		{F7CF470B-7A28-474F-B061-10E8FC96191A}.Debug|Any CPU.ActiveCfg = Debug|Any CPU
		{F7CF470B-7A28-474F-B061-10E8FC96191A}.Debug|Any CPU.Build.0 = Debug|Any CPU
		{F7CF470B-7A28-474F-B061-10E8FC96191A}.Release|Any CPU.ActiveCfg = Release|Any CPU
		{F7CF470B-7A28-474F-B061-10E8FC96191A}.Release|Any CPU.Build.0 = Release|Any CPU
		{8CD6673C-1BBF-4A13-924A-6FF4040DB8FA}.Debug|Any CPU.ActiveCfg = Debug|Any CPU
		{8CD6673C-1BBF-4A13-924A-6FF4040DB8FA}.Debug|Any CPU.Build.0 = Debug|Any CPU
		{8CD6673C-1BBF-4A13-924A-6FF4040DB8FA}.Release|Any CPU.ActiveCfg = Release|Any CPU
		{8CD6673C-1BBF-4A13-924A-6FF4040DB8FA}.Release|Any CPU.Build.0 = Release|Any CPU
		{62706035-9C40-45A5-9BC5-9D0C921BA7D8}.Debug|Any CPU.ActiveCfg = Debug|Any CPU
		{62706035-9C40-45A5-9BC5-9D0C921BA7D8}.Debug|Any CPU.Build.0 = Debug|Any CPU
		{62706035-9C40-45A5-9BC5-9D0C921BA7D8}.Release|Any CPU.ActiveCfg = Release|Any CPU
		{62706035-9C40-45A5-9BC5-9D0C921BA7D8}.Release|Any CPU.Build.0 = Release|Any CPU
	EndGlobalSection
EndGlobal
