
Microsoft Visual Studio Solution File, Format Version 12.00
Project("{FAE04EC0-301F-11D3-BF4B-00C04F79EFBC}") = "OpenGL.NET", "OpenGL.NET\OpenGL.NET.csproj", "{FE34454F-97B8-4DA4-BE45-E17EAEAB9817}"
EndProject
Project("{FAE04EC0-301F-11D3-BF4B-00C04F79EFBC}") = "Glfw.NET", "Glfw.NET\Glfw.NET.csproj", "{2314057E-1B48-43EA-B2DB-E3D9B60F17F0}"
EndProject
Project("{FAE04EC0-301F-11D3-BF4B-00C04F79EFBC}") = "PngSharp", "PngSharp\PngSharp\PngSharp.csproj", "{EE035961-7E6F-44B2-ABCD-A071D822C6C1}"
EndProject
Project("{FAE04EC0-301F-11D3-BF4B-00C04F79EFBC}") = "ZGF.Spatial", "ZGF.Spatial\ZGF.Spatial.csproj", "{FBD80275-C07B-4C38-B7E3-B45C584BFDD4}"
EndProject
Project("{FAE04EC0-301F-11D3-BF4B-00C04F79EFBC}") = "ZGF.Geometry", "ZGF.Geometry\ZGF.Geometry.csproj", "{1BBB564D-4A1C-48D8-B189-B1DEB417C06D}"
EndProject
Project("{FAE04EC0-301F-11D3-BF4B-00C04F79EFBC}") = "ZGF.Rendering.Metal", "ZGF.Rendering.Metal\ZGF.Rendering.Metal.csproj", "{163FC655-729F-4D3C-B271-B34E6A429BF2}"
EndProject
Project("{FAE04EC0-301F-11D3-BF4B-00C04F79EFBC}") = "ZGF.Gui", "ZGF.Gui\ZGF.Gui.csproj", "{F7CF470B-7A28-474F-B061-10E8FC96191A}"
EndProject
Project("{FAE04EC0-301F-11D3-BF4B-00C04F79EFBC}") = "ZGF.Gui.Desktop", "ZGF.Gui.Desktop\ZGF.Gui.Desktop.csproj", "{CEA85D2F-8936-4B3A-85F6-7B927A3D78EA}"
EndProject
Project("{FAE04EC0-301F-11D3-BF4B-00C04F79EFBC}") = "ZGF.KeyboardModule", "ZGF.KeyboardModule\ZGF.KeyboardModule.csproj", "{F93418B3-7E82-4911-92A4-70EC972B3D35}"
EndProject
Project("{FAE04EC0-301F-11D3-BF4B-00C04F79EFBC}") = "ZGF.KeyboardModule.GlfwAdapter", "ZGF.KeyboardModule.GlfwAdapter\ZGF.KeyboardModule.GlfwAdapter.csproj", "{D8C8C63A-C34C-4E1D-AC46-035D56DE5426}"
EndProject
Project("{FAE04EC0-301F-11D3-BF4B-00C04F79EFBC}") = "ZGF.AppUtils", "ZGF.AppUtils\ZGF.AppUtils.csproj", "{31DBFB6E-5BCF-4149-BD6F-75CAA73B3954}"
EndProject
Project("{FAE04EC0-301F-11D3-BF4B-00C04F79EFBC}") = "ZGF.Fonts", "ZGF.Fonts\ZGF.Fonts.csproj", "{FBC720A7-8B63-4CD5-9341-DEBC0B9CE841}"
EndProject
Project("{FAE04EC0-301F-11D3-BF4B-00C04F79EFBC}") = "ZGF.Desktop", "ZGF.Desktop\ZGF.Desktop.csproj", "{B8BF0A0C-0F04-4850-B1EA-91EAD453D22E}"
EndProject
Project("{FAE04EC0-301F-11D3-BF4B-00C04F79EFBC}") = "ZGF.Gui.Metal", "ZGF.Gui.Metal\ZGF.Gui.Metal.csproj", "{D1E67387-B601-4741-A089-96EE1ACF5662}"
EndProject
Project("{FAE04EC0-301F-11D3-BF4B-00C04F79EFBC}") = "ZGF.Gui.Tests", "ZGF.Gui.Tests\ZGF.Gui.Tests.csproj", "{A7BD4CF9-5D67-45A5-B17C-E108DAEB10D9}"
EndProject
Project("{FAE04EC0-301F-11D3-BF4B-00C04F79EFBC}") = "ZGF.Gui.MemoryDiagnostics", "ZGF.Gui.MemoryDiagnostics\ZGF.Gui.MemoryDiagnostics.csproj", "{3632C4A8-6821-46D0-95D2-818C7CC556F5}"
EndProject
Project("{FAE04EC0-301F-11D3-BF4B-00C04F79EFBC}") = "ZGF.Gui.Prototype", "ZGF.Gui.Prototype\ZGF.Gui.Prototype.csproj", "{018D0360-2D52-41E9-855C-625688E849A8}"
EndProject
Project("{FAE04EC0-301F-11D3-BF4B-00C04F79EFBC}") = "ZGF.Gui.Generator", "ZGF.Gui.Generator\ZGF.Gui.Generator.csproj", "{D679B75D-45B0-45DC-9469-F77A26B9D81C}"
EndProject
Project("{FAE04EC0-301F-11D3-BF4B-00C04F79EFBC}") = "ZGF.Gui.Testing", "ZGF.Gui.Testing\ZGF.Gui.Testing.csproj", "{5917EFC9-3820-4646-935A-29CDF75AD789}"
EndProject
Project("{FAE04EC0-301F-11D3-BF4B-00C04F79EFBC}") = "ZGF.Svg", "ZGF.Svg\ZGF.Svg.csproj", "{7A119704-381E-4487-AEC8-C3EBE2F6D716}"
EndProject
Project("{FAE04EC0-301F-11D3-BF4B-00C04F79EFBC}") = "ZGF.Svg.Tests", "ZGF.Svg.Tests\ZGF.Svg.Tests.csproj", "{19C3F0E4-85B3-44D9-AE79-461F6D0A7D8B}"
EndProject
Project("{FAE04EC0-301F-11D3-BF4B-00C04F79EFBC}") = "ZGF.Gui.Benchmarks", "ZGF.Gui.Benchmarks\ZGF.Gui.Benchmarks.csproj", "{16F033FC-FD5F-4D46-833A-4B89A5D7BE38}"
EndProject
Project("{2150E333-8FDC-42A3-9474-1A3956D46DE8}") = "PngSharp.Submodule", "PngSharp.Submodule", "{F374D525-6A8F-C86E-EC2B-1044A6F46595}"
EndProject
Project("{FAE04EC0-301F-11D3-BF4B-00C04F79EFBC}") = "PngSharp.Tests", "PngSharp\PngSharp.Tests\PngSharp.Tests.csproj", "{92A0352E-3B51-4039-8F15-ECB535528ED1}"
EndProject
Project("{FAE04EC0-301F-11D3-BF4B-00C04F79EFBC}") = "ZGF.Gui.OpenGL", "ZGF.Gui.OpenGL\ZGF.Gui.OpenGL.csproj", "{D2BECCC9-B6E3-4030-9C53-E2441CEA2FA5}"
EndProject
Project("{FAE04EC0-301F-11D3-BF4B-00C04F79EFBC}") = "OpenGL.NET.Abstractions", "OpenGL.NET.Abstractions\OpenGL.NET.Abstractions.csproj", "{104B149E-552C-4166-86E8-A379C8EF54D3}"
EndProject
Project("{2150E333-8FDC-42A3-9474-1A3956D46DE8}") = "PngSharp", "PngSharp", "{F374D525-6A8F-C86E-EC2B-1044A6F46595}"
EndProject
Global
	GlobalSection(SolutionConfigurationPlatforms) = preSolution
		Debug|Any CPU = Debug|Any CPU
		Debug|x64 = Debug|x64
		Debug|x86 = Debug|x86
		Release|Any CPU = Release|Any CPU
		Release|x64 = Release|x64
		Release|x86 = Release|x86
	EndGlobalSection
	GlobalSection(ProjectConfigurationPlatforms) = postSolution
		{FE34454F-97B8-4DA4-BE45-E17EAEAB9817}.Debug|Any CPU.ActiveCfg = Debug|Any CPU
		{FE34454F-97B8-4DA4-BE45-E17EAEAB9817}.Debug|Any CPU.Build.0 = Debug|Any CPU
		{FE34454F-97B8-4DA4-BE45-E17EAEAB9817}.Debug|x64.ActiveCfg = Debug|Any CPU
		{FE34454F-97B8-4DA4-BE45-E17EAEAB9817}.Debug|x64.Build.0 = Debug|Any CPU
		{FE34454F-97B8-4DA4-BE45-E17EAEAB9817}.Debug|x86.ActiveCfg = Debug|Any CPU
		{FE34454F-97B8-4DA4-BE45-E17EAEAB9817}.Debug|x86.Build.0 = Debug|Any CPU
		{FE34454F-97B8-4DA4-BE45-E17EAEAB9817}.Release|Any CPU.ActiveCfg = Release|Any CPU
		{FE34454F-97B8-4DA4-BE45-E17EAEAB9817}.Release|Any CPU.Build.0 = Release|Any CPU
		{FE34454F-97B8-4DA4-BE45-E17EAEAB9817}.Release|x64.ActiveCfg = Release|Any CPU
		{FE34454F-97B8-4DA4-BE45-E17EAEAB9817}.Release|x64.Build.0 = Release|Any CPU
		{FE34454F-97B8-4DA4-BE45-E17EAEAB9817}.Release|x86.ActiveCfg = Release|Any CPU
		{FE34454F-97B8-4DA4-BE45-E17EAEAB9817}.Release|x86.Build.0 = Release|Any CPU
		{2314057E-1B48-43EA-B2DB-E3D9B60F17F0}.Debug|Any CPU.ActiveCfg = Debug|Any CPU
		{2314057E-1B48-43EA-B2DB-E3D9B60F17F0}.Debug|Any CPU.Build.0 = Debug|Any CPU
		{2314057E-1B48-43EA-B2DB-E3D9B60F17F0}.Debug|x64.ActiveCfg = Debug|Any CPU
		{2314057E-1B48-43EA-B2DB-E3D9B60F17F0}.Debug|x64.Build.0 = Debug|Any CPU
		{2314057E-1B48-43EA-B2DB-E3D9B60F17F0}.Debug|x86.ActiveCfg = Debug|Any CPU
		{2314057E-1B48-43EA-B2DB-E3D9B60F17F0}.Debug|x86.Build.0 = Debug|Any CPU
		{2314057E-1B48-43EA-B2DB-E3D9B60F17F0}.Release|Any CPU.ActiveCfg = Release|Any CPU
		{2314057E-1B48-43EA-B2DB-E3D9B60F17F0}.Release|Any CPU.Build.0 = Release|Any CPU
		{2314057E-1B48-43EA-B2DB-E3D9B60F17F0}.Release|x64.ActiveCfg = Release|Any CPU
		{2314057E-1B48-43EA-B2DB-E3D9B60F17F0}.Release|x64.Build.0 = Release|Any CPU
		{2314057E-1B48-43EA-B2DB-E3D9B60F17F0}.Release|x86.ActiveCfg = Release|Any CPU
		{2314057E-1B48-43EA-B2DB-E3D9B60F17F0}.Release|x86.Build.0 = Release|Any CPU
		{EE035961-7E6F-44B2-ABCD-A071D822C6C1}.Debug|Any CPU.ActiveCfg = Debug|Any CPU
		{EE035961-7E6F-44B2-ABCD-A071D822C6C1}.Debug|Any CPU.Build.0 = Debug|Any CPU
		{EE035961-7E6F-44B2-ABCD-A071D822C6C1}.Debug|x64.ActiveCfg = Debug|Any CPU
		{EE035961-7E6F-44B2-ABCD-A071D822C6C1}.Debug|x64.Build.0 = Debug|Any CPU
		{EE035961-7E6F-44B2-ABCD-A071D822C6C1}.Debug|x86.ActiveCfg = Debug|Any CPU
		{EE035961-7E6F-44B2-ABCD-A071D822C6C1}.Debug|x86.Build.0 = Debug|Any CPU
		{EE035961-7E6F-44B2-ABCD-A071D822C6C1}.Release|Any CPU.ActiveCfg = Release|Any CPU
		{EE035961-7E6F-44B2-ABCD-A071D822C6C1}.Release|Any CPU.Build.0 = Release|Any CPU
		{EE035961-7E6F-44B2-ABCD-A071D822C6C1}.Release|x64.ActiveCfg = Release|Any CPU
		{EE035961-7E6F-44B2-ABCD-A071D822C6C1}.Release|x64.Build.0 = Release|Any CPU
		{EE035961-7E6F-44B2-ABCD-A071D822C6C1}.Release|x86.ActiveCfg = Release|Any CPU
		{EE035961-7E6F-44B2-ABCD-A071D822C6C1}.Release|x86.Build.0 = Release|Any CPU
		{FBD80275-C07B-4C38-B7E3-B45C584BFDD4}.Debug|Any CPU.ActiveCfg = Debug|Any CPU
		{FBD80275-C07B-4C38-B7E3-B45C584BFDD4}.Debug|Any CPU.Build.0 = Debug|Any CPU
		{FBD80275-C07B-4C38-B7E3-B45C584BFDD4}.Debug|x64.ActiveCfg = Debug|Any CPU
		{FBD80275-C07B-4C38-B7E3-B45C584BFDD4}.Debug|x64.Build.0 = Debug|Any CPU
		{FBD80275-C07B-4C38-B7E3-B45C584BFDD4}.Debug|x86.ActiveCfg = Debug|Any CPU
		{FBD80275-C07B-4C38-B7E3-B45C584BFDD4}.Debug|x86.Build.0 = Debug|Any CPU
		{FBD80275-C07B-4C38-B7E3-B45C584BFDD4}.Release|Any CPU.ActiveCfg = Release|Any CPU
		{FBD80275-C07B-4C38-B7E3-B45C584BFDD4}.Release|Any CPU.Build.0 = Release|Any CPU
		{FBD80275-C07B-4C38-B7E3-B45C584BFDD4}.Release|x64.ActiveCfg = Release|Any CPU
		{FBD80275-C07B-4C38-B7E3-B45C584BFDD4}.Release|x64.Build.0 = Release|Any CPU
		{FBD80275-C07B-4C38-B7E3-B45C584BFDD4}.Release|x86.ActiveCfg = Release|Any CPU
		{FBD80275-C07B-4C38-B7E3-B45C584BFDD4}.Release|x86.Build.0 = Release|Any CPU
		{1BBB564D-4A1C-48D8-B189-B1DEB417C06D}.Debug|Any CPU.ActiveCfg = Debug|Any CPU
		{1BBB564D-4A1C-48D8-B189-B1DEB417C06D}.Debug|Any CPU.Build.0 = Debug|Any CPU
		{1BBB564D-4A1C-48D8-B189-B1DEB417C06D}.Debug|x64.ActiveCfg = Debug|Any CPU
		{1BBB564D-4A1C-48D8-B189-B1DEB417C06D}.Debug|x64.Build.0 = Debug|Any CPU
		{1BBB564D-4A1C-48D8-B189-B1DEB417C06D}.Debug|x86.ActiveCfg = Debug|Any CPU
		{1BBB564D-4A1C-48D8-B189-B1DEB417C06D}.Debug|x86.Build.0 = Debug|Any CPU
		{1BBB564D-4A1C-48D8-B189-B1DEB417C06D}.Release|Any CPU.ActiveCfg = Release|Any CPU
		{1BBB564D-4A1C-48D8-B189-B1DEB417C06D}.Release|Any CPU.Build.0 = Release|Any CPU
		{1BBB564D-4A1C-48D8-B189-B1DEB417C06D}.Release|x64.ActiveCfg = Release|Any CPU
		{1BBB564D-4A1C-48D8-B189-B1DEB417C06D}.Release|x64.Build.0 = Release|Any CPU
		{1BBB564D-4A1C-48D8-B189-B1DEB417C06D}.Release|x86.ActiveCfg = Release|Any CPU
		{1BBB564D-4A1C-48D8-B189-B1DEB417C06D}.Release|x86.Build.0 = Release|Any CPU
		{163FC655-729F-4D3C-B271-B34E6A429BF2}.Debug|Any CPU.ActiveCfg = Debug|Any CPU
		{163FC655-729F-4D3C-B271-B34E6A429BF2}.Debug|Any CPU.Build.0 = Debug|Any CPU
		{163FC655-729F-4D3C-B271-B34E6A429BF2}.Debug|x64.ActiveCfg = Debug|Any CPU
		{163FC655-729F-4D3C-B271-B34E6A429BF2}.Debug|x64.Build.0 = Debug|Any CPU
		{163FC655-729F-4D3C-B271-B34E6A429BF2}.Debug|x86.ActiveCfg = Debug|Any CPU
		{163FC655-729F-4D3C-B271-B34E6A429BF2}.Debug|x86.Build.0 = Debug|Any CPU
		{163FC655-729F-4D3C-B271-B34E6A429BF2}.Release|Any CPU.ActiveCfg = Release|Any CPU
		{163FC655-729F-4D3C-B271-B34E6A429BF2}.Release|Any CPU.Build.0 = Release|Any CPU
		{163FC655-729F-4D3C-B271-B34E6A429BF2}.Release|x64.ActiveCfg = Release|Any CPU
		{163FC655-729F-4D3C-B271-B34E6A429BF2}.Release|x64.Build.0 = Release|Any CPU
		{163FC655-729F-4D3C-B271-B34E6A429BF2}.Release|x86.ActiveCfg = Release|Any CPU
		{163FC655-729F-4D3C-B271-B34E6A429BF2}.Release|x86.Build.0 = Release|Any CPU
		{F7CF470B-7A28-474F-B061-10E8FC96191A}.Debug|Any CPU.ActiveCfg = Debug|Any CPU
		{F7CF470B-7A28-474F-B061-10E8FC96191A}.Debug|Any CPU.Build.0 = Debug|Any CPU
		{F7CF470B-7A28-474F-B061-10E8FC96191A}.Debug|x64.ActiveCfg = Debug|Any CPU
		{F7CF470B-7A28-474F-B061-10E8FC96191A}.Debug|x64.Build.0 = Debug|Any CPU
		{F7CF470B-7A28-474F-B061-10E8FC96191A}.Debug|x86.ActiveCfg = Debug|Any CPU
		{F7CF470B-7A28-474F-B061-10E8FC96191A}.Debug|x86.Build.0 = Debug|Any CPU
		{F7CF470B-7A28-474F-B061-10E8FC96191A}.Release|Any CPU.ActiveCfg = Release|Any CPU
		{F7CF470B-7A28-474F-B061-10E8FC96191A}.Release|Any CPU.Build.0 = Release|Any CPU
		{F7CF470B-7A28-474F-B061-10E8FC96191A}.Release|x64.ActiveCfg = Release|Any CPU
		{F7CF470B-7A28-474F-B061-10E8FC96191A}.Release|x64.Build.0 = Release|Any CPU
		{F7CF470B-7A28-474F-B061-10E8FC96191A}.Release|x86.ActiveCfg = Release|Any CPU
		{F7CF470B-7A28-474F-B061-10E8FC96191A}.Release|x86.Build.0 = Release|Any CPU
		{CEA85D2F-8936-4B3A-85F6-7B927A3D78EA}.Debug|Any CPU.ActiveCfg = Debug|Any CPU
		{CEA85D2F-8936-4B3A-85F6-7B927A3D78EA}.Debug|Any CPU.Build.0 = Debug|Any CPU
		{CEA85D2F-8936-4B3A-85F6-7B927A3D78EA}.Debug|x64.ActiveCfg = Debug|Any CPU
		{CEA85D2F-8936-4B3A-85F6-7B927A3D78EA}.Debug|x64.Build.0 = Debug|Any CPU
		{CEA85D2F-8936-4B3A-85F6-7B927A3D78EA}.Debug|x86.ActiveCfg = Debug|Any CPU
		{CEA85D2F-8936-4B3A-85F6-7B927A3D78EA}.Debug|x86.Build.0 = Debug|Any CPU
		{CEA85D2F-8936-4B3A-85F6-7B927A3D78EA}.Release|Any CPU.ActiveCfg = Release|Any CPU
		{CEA85D2F-8936-4B3A-85F6-7B927A3D78EA}.Release|Any CPU.Build.0 = Release|Any CPU
		{CEA85D2F-8936-4B3A-85F6-7B927A3D78EA}.Release|x64.ActiveCfg = Release|Any CPU
		{CEA85D2F-8936-4B3A-85F6-7B927A3D78EA}.Release|x64.Build.0 = Release|Any CPU
		{CEA85D2F-8936-4B3A-85F6-7B927A3D78EA}.Release|x86.ActiveCfg = Release|Any CPU
		{CEA85D2F-8936-4B3A-85F6-7B927A3D78EA}.Release|x86.Build.0 = Release|Any CPU
		{F93418B3-7E82-4911-92A4-70EC972B3D35}.Debug|Any CPU.ActiveCfg = Debug|Any CPU
		{F93418B3-7E82-4911-92A4-70EC972B3D35}.Debug|Any CPU.Build.0 = Debug|Any CPU
		{F93418B3-7E82-4911-92A4-70EC972B3D35}.Debug|x64.ActiveCfg = Debug|Any CPU
		{F93418B3-7E82-4911-92A4-70EC972B3D35}.Debug|x64.Build.0 = Debug|Any CPU
		{F93418B3-7E82-4911-92A4-70EC972B3D35}.Debug|x86.ActiveCfg = Debug|Any CPU
		{F93418B3-7E82-4911-92A4-70EC972B3D35}.Debug|x86.Build.0 = Debug|Any CPU
		{F93418B3-7E82-4911-92A4-70EC972B3D35}.Release|Any CPU.ActiveCfg = Release|Any CPU
		{F93418B3-7E82-4911-92A4-70EC972B3D35}.Release|Any CPU.Build.0 = Release|Any CPU
		{F93418B3-7E82-4911-92A4-70EC972B3D35}.Release|x64.ActiveCfg = Release|Any CPU
		{F93418B3-7E82-4911-92A4-70EC972B3D35}.Release|x64.Build.0 = Release|Any CPU
		{F93418B3-7E82-4911-92A4-70EC972B3D35}.Release|x86.ActiveCfg = Release|Any CPU
		{F93418B3-7E82-4911-92A4-70EC972B3D35}.Release|x86.Build.0 = Release|Any CPU
		{D8C8C63A-C34C-4E1D-AC46-035D56DE5426}.Debug|Any CPU.ActiveCfg = Debug|Any CPU
		{D8C8C63A-C34C-4E1D-AC46-035D56DE5426}.Debug|Any CPU.Build.0 = Debug|Any CPU
		{D8C8C63A-C34C-4E1D-AC46-035D56DE5426}.Debug|x64.ActiveCfg = Debug|Any CPU
		{D8C8C63A-C34C-4E1D-AC46-035D56DE5426}.Debug|x64.Build.0 = Debug|Any CPU
		{D8C8C63A-C34C-4E1D-AC46-035D56DE5426}.Debug|x86.ActiveCfg = Debug|Any CPU
		{D8C8C63A-C34C-4E1D-AC46-035D56DE5426}.Debug|x86.Build.0 = Debug|Any CPU
		{D8C8C63A-C34C-4E1D-AC46-035D56DE5426}.Release|Any CPU.ActiveCfg = Release|Any CPU
		{D8C8C63A-C34C-4E1D-AC46-035D56DE5426}.Release|Any CPU.Build.0 = Release|Any CPU
		{D8C8C63A-C34C-4E1D-AC46-035D56DE5426}.Release|x64.ActiveCfg = Release|Any CPU
		{D8C8C63A-C34C-4E1D-AC46-035D56DE5426}.Release|x64.Build.0 = Release|Any CPU
		{D8C8C63A-C34C-4E1D-AC46-035D56DE5426}.Release|x86.ActiveCfg = Release|Any CPU
		{D8C8C63A-C34C-4E1D-AC46-035D56DE5426}.Release|x86.Build.0 = Release|Any CPU
		{31DBFB6E-5BCF-4149-BD6F-75CAA73B3954}.Debug|Any CPU.ActiveCfg = Debug|Any CPU
		{31DBFB6E-5BCF-4149-BD6F-75CAA73B3954}.Debug|Any CPU.Build.0 = Debug|Any CPU
		{31DBFB6E-5BCF-4149-BD6F-75CAA73B3954}.Debug|x64.ActiveCfg = Debug|Any CPU
		{31DBFB6E-5BCF-4149-BD6F-75CAA73B3954}.Debug|x64.Build.0 = Debug|Any CPU
		{31DBFB6E-5BCF-4149-BD6F-75CAA73B3954}.Debug|x86.ActiveCfg = Debug|Any CPU
		{31DBFB6E-5BCF-4149-BD6F-75CAA73B3954}.Debug|x86.Build.0 = Debug|Any CPU
		{31DBFB6E-5BCF-4149-BD6F-75CAA73B3954}.Release|Any CPU.ActiveCfg = Release|Any CPU
		{31DBFB6E-5BCF-4149-BD6F-75CAA73B3954}.Release|Any CPU.Build.0 = Release|Any CPU
		{31DBFB6E-5BCF-4149-BD6F-75CAA73B3954}.Release|x64.ActiveCfg = Release|Any CPU
		{31DBFB6E-5BCF-4149-BD6F-75CAA73B3954}.Release|x64.Build.0 = Release|Any CPU
		{31DBFB6E-5BCF-4149-BD6F-75CAA73B3954}.Release|x86.ActiveCfg = Release|Any CPU
		{31DBFB6E-5BCF-4149-BD6F-75CAA73B3954}.Release|x86.Build.0 = Release|Any CPU
		{FBC720A7-8B63-4CD5-9341-DEBC0B9CE841}.Debug|Any CPU.ActiveCfg = Debug|Any CPU
		{FBC720A7-8B63-4CD5-9341-DEBC0B9CE841}.Debug|Any CPU.Build.0 = Debug|Any CPU
		{FBC720A7-8B63-4CD5-9341-DEBC0B9CE841}.Debug|x64.ActiveCfg = Debug|Any CPU
		{FBC720A7-8B63-4CD5-9341-DEBC0B9CE841}.Debug|x64.Build.0 = Debug|Any CPU
		{FBC720A7-8B63-4CD5-9341-DEBC0B9CE841}.Debug|x86.ActiveCfg = Debug|Any CPU
		{FBC720A7-8B63-4CD5-9341-DEBC0B9CE841}.Debug|x86.Build.0 = Debug|Any CPU
		{FBC720A7-8B63-4CD5-9341-DEBC0B9CE841}.Release|Any CPU.ActiveCfg = Release|Any CPU
		{FBC720A7-8B63-4CD5-9341-DEBC0B9CE841}.Release|Any CPU.Build.0 = Release|Any CPU
		{FBC720A7-8B63-4CD5-9341-DEBC0B9CE841}.Release|x64.ActiveCfg = Release|Any CPU
		{FBC720A7-8B63-4CD5-9341-DEBC0B9CE841}.Release|x64.Build.0 = Release|Any CPU
		{FBC720A7-8B63-4CD5-9341-DEBC0B9CE841}.Release|x86.ActiveCfg = Release|Any CPU
		{FBC720A7-8B63-4CD5-9341-DEBC0B9CE841}.Release|x86.Build.0 = Release|Any CPU
		{B8BF0A0C-0F04-4850-B1EA-91EAD453D22E}.Debug|Any CPU.ActiveCfg = Debug|Any CPU
		{B8BF0A0C-0F04-4850-B1EA-91EAD453D22E}.Debug|Any CPU.Build.0 = Debug|Any CPU
		{B8BF0A0C-0F04-4850-B1EA-91EAD453D22E}.Debug|x64.ActiveCfg = Debug|Any CPU
		{B8BF0A0C-0F04-4850-B1EA-91EAD453D22E}.Debug|x64.Build.0 = Debug|Any CPU
		{B8BF0A0C-0F04-4850-B1EA-91EAD453D22E}.Debug|x86.ActiveCfg = Debug|Any CPU
		{B8BF0A0C-0F04-4850-B1EA-91EAD453D22E}.Debug|x86.Build.0 = Debug|Any CPU
		{B8BF0A0C-0F04-4850-B1EA-91EAD453D22E}.Release|Any CPU.ActiveCfg = Release|Any CPU
		{B8BF0A0C-0F04-4850-B1EA-91EAD453D22E}.Release|Any CPU.Build.0 = Release|Any CPU
		{B8BF0A0C-0F04-4850-B1EA-91EAD453D22E}.Release|x64.ActiveCfg = Release|Any CPU
		{B8BF0A0C-0F04-4850-B1EA-91EAD453D22E}.Release|x64.Build.0 = Release|Any CPU
		{B8BF0A0C-0F04-4850-B1EA-91EAD453D22E}.Release|x86.ActiveCfg = Release|Any CPU
		{B8BF0A0C-0F04-4850-B1EA-91EAD453D22E}.Release|x86.Build.0 = Release|Any CPU
		{D1E67387-B601-4741-A089-96EE1ACF5662}.Debug|Any CPU.ActiveCfg = Debug|Any CPU
		{D1E67387-B601-4741-A089-96EE1ACF5662}.Debug|Any CPU.Build.0 = Debug|Any CPU
		{D1E67387-B601-4741-A089-96EE1ACF5662}.Debug|x64.ActiveCfg = Debug|Any CPU
		{D1E67387-B601-4741-A089-96EE1ACF5662}.Debug|x64.Build.0 = Debug|Any CPU
		{D1E67387-B601-4741-A089-96EE1ACF5662}.Debug|x86.ActiveCfg = Debug|Any CPU
		{D1E67387-B601-4741-A089-96EE1ACF5662}.Debug|x86.Build.0 = Debug|Any CPU
		{D1E67387-B601-4741-A089-96EE1ACF5662}.Release|Any CPU.ActiveCfg = Release|Any CPU
		{D1E67387-B601-4741-A089-96EE1ACF5662}.Release|Any CPU.Build.0 = Release|Any CPU
		{D1E67387-B601-4741-A089-96EE1ACF5662}.Release|x64.ActiveCfg = Release|Any CPU
		{D1E67387-B601-4741-A089-96EE1ACF5662}.Release|x64.Build.0 = Release|Any CPU
		{D1E67387-B601-4741-A089-96EE1ACF5662}.Release|x86.ActiveCfg = Release|Any CPU
		{D1E67387-B601-4741-A089-96EE1ACF5662}.Release|x86.Build.0 = Release|Any CPU
		{A7BD4CF9-5D67-45A5-B17C-E108DAEB10D9}.Debug|Any CPU.ActiveCfg = Debug|Any CPU
		{A7BD4CF9-5D67-45A5-B17C-E108DAEB10D9}.Debug|Any CPU.Build.0 = Debug|Any CPU
		{A7BD4CF9-5D67-45A5-B17C-E108DAEB10D9}.Debug|x64.ActiveCfg = Debug|Any CPU
		{A7BD4CF9-5D67-45A5-B17C-E108DAEB10D9}.Debug|x64.Build.0 = Debug|Any CPU
		{A7BD4CF9-5D67-45A5-B17C-E108DAEB10D9}.Debug|x86.ActiveCfg = Debug|Any CPU
		{A7BD4CF9-5D67-45A5-B17C-E108DAEB10D9}.Debug|x86.Build.0 = Debug|Any CPU
		{A7BD4CF9-5D67-45A5-B17C-E108DAEB10D9}.Release|Any CPU.ActiveCfg = Release|Any CPU
		{A7BD4CF9-5D67-45A5-B17C-E108DAEB10D9}.Release|Any CPU.Build.0 = Release|Any CPU
		{A7BD4CF9-5D67-45A5-B17C-E108DAEB10D9}.Release|x64.ActiveCfg = Release|Any CPU
		{A7BD4CF9-5D67-45A5-B17C-E108DAEB10D9}.Release|x64.Build.0 = Release|Any CPU
		{A7BD4CF9-5D67-45A5-B17C-E108DAEB10D9}.Release|x86.ActiveCfg = Release|Any CPU
		{A7BD4CF9-5D67-45A5-B17C-E108DAEB10D9}.Release|x86.Build.0 = Release|Any CPU
		{3632C4A8-6821-46D0-95D2-818C7CC556F5}.Debug|Any CPU.ActiveCfg = Debug|Any CPU
		{3632C4A8-6821-46D0-95D2-818C7CC556F5}.Debug|Any CPU.Build.0 = Debug|Any CPU
		{3632C4A8-6821-46D0-95D2-818C7CC556F5}.Debug|x64.ActiveCfg = Debug|Any CPU
		{3632C4A8-6821-46D0-95D2-818C7CC556F5}.Debug|x64.Build.0 = Debug|Any CPU
		{3632C4A8-6821-46D0-95D2-818C7CC556F5}.Debug|x86.ActiveCfg = Debug|Any CPU
		{3632C4A8-6821-46D0-95D2-818C7CC556F5}.Debug|x86.Build.0 = Debug|Any CPU
		{3632C4A8-6821-46D0-95D2-818C7CC556F5}.Release|Any CPU.ActiveCfg = Release|Any CPU
		{3632C4A8-6821-46D0-95D2-818C7CC556F5}.Release|Any CPU.Build.0 = Release|Any CPU
		{3632C4A8-6821-46D0-95D2-818C7CC556F5}.Release|x64.ActiveCfg = Release|Any CPU
		{3632C4A8-6821-46D0-95D2-818C7CC556F5}.Release|x64.Build.0 = Release|Any CPU
		{3632C4A8-6821-46D0-95D2-818C7CC556F5}.Release|x86.ActiveCfg = Release|Any CPU
		{3632C4A8-6821-46D0-95D2-818C7CC556F5}.Release|x86.Build.0 = Release|Any CPU
		{018D0360-2D52-41E9-855C-625688E849A8}.Debug|Any CPU.ActiveCfg = Debug|Any CPU
		{018D0360-2D52-41E9-855C-625688E849A8}.Debug|Any CPU.Build.0 = Debug|Any CPU
		{018D0360-2D52-41E9-855C-625688E849A8}.Debug|x64.ActiveCfg = Debug|Any CPU
		{018D0360-2D52-41E9-855C-625688E849A8}.Debug|x64.Build.0 = Debug|Any CPU
		{018D0360-2D52-41E9-855C-625688E849A8}.Debug|x86.ActiveCfg = Debug|Any CPU
		{018D0360-2D52-41E9-855C-625688E849A8}.Debug|x86.Build.0 = Debug|Any CPU
		{018D0360-2D52-41E9-855C-625688E849A8}.Release|Any CPU.ActiveCfg = Release|Any CPU
		{018D0360-2D52-41E9-855C-625688E849A8}.Release|Any CPU.Build.0 = Release|Any CPU
		{018D0360-2D52-41E9-855C-625688E849A8}.Release|x64.ActiveCfg = Release|Any CPU
		{018D0360-2D52-41E9-855C-625688E849A8}.Release|x64.Build.0 = Release|Any CPU
		{018D0360-2D52-41E9-855C-625688E849A8}.Release|x86.ActiveCfg = Release|Any CPU
		{018D0360-2D52-41E9-855C-625688E849A8}.Release|x86.Build.0 = Release|Any CPU
		{D679B75D-45B0-45DC-9469-F77A26B9D81C}.Debug|Any CPU.ActiveCfg = Debug|Any CPU
		{D679B75D-45B0-45DC-9469-F77A26B9D81C}.Debug|Any CPU.Build.0 = Debug|Any CPU
		{D679B75D-45B0-45DC-9469-F77A26B9D81C}.Debug|x64.ActiveCfg = Debug|Any CPU
		{D679B75D-45B0-45DC-9469-F77A26B9D81C}.Debug|x64.Build.0 = Debug|Any CPU
		{D679B75D-45B0-45DC-9469-F77A26B9D81C}.Debug|x86.ActiveCfg = Debug|Any CPU
		{D679B75D-45B0-45DC-9469-F77A26B9D81C}.Debug|x86.Build.0 = Debug|Any CPU
		{D679B75D-45B0-45DC-9469-F77A26B9D81C}.Release|Any CPU.ActiveCfg = Release|Any CPU
		{D679B75D-45B0-45DC-9469-F77A26B9D81C}.Release|Any CPU.Build.0 = Release|Any CPU
		{D679B75D-45B0-45DC-9469-F77A26B9D81C}.Release|x64.ActiveCfg = Release|Any CPU
		{D679B75D-45B0-45DC-9469-F77A26B9D81C}.Release|x64.Build.0 = Release|Any CPU
		{D679B75D-45B0-45DC-9469-F77A26B9D81C}.Release|x86.ActiveCfg = Release|Any CPU
		{D679B75D-45B0-45DC-9469-F77A26B9D81C}.Release|x86.Build.0 = Release|Any CPU
		{5917EFC9-3820-4646-935A-29CDF75AD789}.Debug|Any CPU.ActiveCfg = Debug|Any CPU
		{5917EFC9-3820-4646-935A-29CDF75AD789}.Debug|Any CPU.Build.0 = Debug|Any CPU
		{5917EFC9-3820-4646-935A-29CDF75AD789}.Debug|x64.ActiveCfg = Debug|Any CPU
		{5917EFC9-3820-4646-935A-29CDF75AD789}.Debug|x64.Build.0 = Debug|Any CPU
		{5917EFC9-3820-4646-935A-29CDF75AD789}.Debug|x86.ActiveCfg = Debug|Any CPU
		{5917EFC9-3820-4646-935A-29CDF75AD789}.Debug|x86.Build.0 = Debug|Any CPU
		{5917EFC9-3820-4646-935A-29CDF75AD789}.Release|Any CPU.ActiveCfg = Release|Any CPU
		{5917EFC9-3820-4646-935A-29CDF75AD789}.Release|Any CPU.Build.0 = Release|Any CPU
		{5917EFC9-3820-4646-935A-29CDF75AD789}.Release|x64.ActiveCfg = Release|Any CPU
		{5917EFC9-3820-4646-935A-29CDF75AD789}.Release|x64.Build.0 = Release|Any CPU
		{5917EFC9-3820-4646-935A-29CDF75AD789}.Release|x86.ActiveCfg = Release|Any CPU
		{5917EFC9-3820-4646-935A-29CDF75AD789}.Release|x86.Build.0 = Release|Any CPU
		{7A119704-381E-4487-AEC8-C3EBE2F6D716}.Debug|Any CPU.ActiveCfg = Debug|Any CPU
		{7A119704-381E-4487-AEC8-C3EBE2F6D716}.Debug|Any CPU.Build.0 = Debug|Any CPU
		{7A119704-381E-4487-AEC8-C3EBE2F6D716}.Debug|x64.ActiveCfg = Debug|Any CPU
		{7A119704-381E-4487-AEC8-C3EBE2F6D716}.Debug|x64.Build.0 = Debug|Any CPU
		{7A119704-381E-4487-AEC8-C3EBE2F6D716}.Debug|x86.ActiveCfg = Debug|Any CPU
		{7A119704-381E-4487-AEC8-C3EBE2F6D716}.Debug|x86.Build.0 = Debug|Any CPU
		{7A119704-381E-4487-AEC8-C3EBE2F6D716}.Release|Any CPU.ActiveCfg = Release|Any CPU
		{7A119704-381E-4487-AEC8-C3EBE2F6D716}.Release|Any CPU.Build.0 = Release|Any CPU
		{7A119704-381E-4487-AEC8-C3EBE2F6D716}.Release|x64.ActiveCfg = Release|Any CPU
		{7A119704-381E-4487-AEC8-C3EBE2F6D716}.Release|x64.Build.0 = Release|Any CPU
		{7A119704-381E-4487-AEC8-C3EBE2F6D716}.Release|x86.ActiveCfg = Release|Any CPU
		{7A119704-381E-4487-AEC8-C3EBE2F6D716}.Release|x86.Build.0 = Release|Any CPU
		{19C3F0E4-85B3-44D9-AE79-461F6D0A7D8B}.Debug|Any CPU.ActiveCfg = Debug|Any CPU
		{19C3F0E4-85B3-44D9-AE79-461F6D0A7D8B}.Debug|Any CPU.Build.0 = Debug|Any CPU
		{19C3F0E4-85B3-44D9-AE79-461F6D0A7D8B}.Debug|x64.ActiveCfg = Debug|Any CPU
		{19C3F0E4-85B3-44D9-AE79-461F6D0A7D8B}.Debug|x64.Build.0 = Debug|Any CPU
		{19C3F0E4-85B3-44D9-AE79-461F6D0A7D8B}.Debug|x86.ActiveCfg = Debug|Any CPU
		{19C3F0E4-85B3-44D9-AE79-461F6D0A7D8B}.Debug|x86.Build.0 = Debug|Any CPU
		{19C3F0E4-85B3-44D9-AE79-461F6D0A7D8B}.Release|Any CPU.ActiveCfg = Release|Any CPU
		{19C3F0E4-85B3-44D9-AE79-461F6D0A7D8B}.Release|Any CPU.Build.0 = Release|Any CPU
		{19C3F0E4-85B3-44D9-AE79-461F6D0A7D8B}.Release|x64.ActiveCfg = Release|Any CPU
		{19C3F0E4-85B3-44D9-AE79-461F6D0A7D8B}.Release|x64.Build.0 = Release|Any CPU
		{19C3F0E4-85B3-44D9-AE79-461F6D0A7D8B}.Release|x86.ActiveCfg = Release|Any CPU
		{19C3F0E4-85B3-44D9-AE79-461F6D0A7D8B}.Release|x86.Build.0 = Release|Any CPU
		{16F033FC-FD5F-4D46-833A-4B89A5D7BE38}.Debug|Any CPU.ActiveCfg = Debug|Any CPU
		{16F033FC-FD5F-4D46-833A-4B89A5D7BE38}.Debug|Any CPU.Build.0 = Debug|Any CPU
		{16F033FC-FD5F-4D46-833A-4B89A5D7BE38}.Debug|x64.ActiveCfg = Debug|Any CPU
		{16F033FC-FD5F-4D46-833A-4B89A5D7BE38}.Debug|x64.Build.0 = Debug|Any CPU
		{16F033FC-FD5F-4D46-833A-4B89A5D7BE38}.Debug|x86.ActiveCfg = Debug|Any CPU
		{16F033FC-FD5F-4D46-833A-4B89A5D7BE38}.Debug|x86.Build.0 = Debug|Any CPU
		{16F033FC-FD5F-4D46-833A-4B89A5D7BE38}.Release|Any CPU.ActiveCfg = Release|Any CPU
		{16F033FC-FD5F-4D46-833A-4B89A5D7BE38}.Release|Any CPU.Build.0 = Release|Any CPU
		{16F033FC-FD5F-4D46-833A-4B89A5D7BE38}.Release|x64.ActiveCfg = Release|Any CPU
		{16F033FC-FD5F-4D46-833A-4B89A5D7BE38}.Release|x64.Build.0 = Release|Any CPU
		{16F033FC-FD5F-4D46-833A-4B89A5D7BE38}.Release|x86.ActiveCfg = Release|Any CPU
		{16F033FC-FD5F-4D46-833A-4B89A5D7BE38}.Release|x86.Build.0 = Release|Any CPU
		{92A0352E-3B51-4039-8F15-ECB535528ED1}.Debug|Any CPU.ActiveCfg = Debug|Any CPU
		{92A0352E-3B51-4039-8F15-ECB535528ED1}.Debug|Any CPU.Build.0 = Debug|Any CPU
		{92A0352E-3B51-4039-8F15-ECB535528ED1}.Debug|x64.ActiveCfg = Debug|Any CPU
		{92A0352E-3B51-4039-8F15-ECB535528ED1}.Debug|x64.Build.0 = Debug|Any CPU
		{92A0352E-3B51-4039-8F15-ECB535528ED1}.Debug|x86.ActiveCfg = Debug|Any CPU
		{92A0352E-3B51-4039-8F15-ECB535528ED1}.Debug|x86.Build.0 = Debug|Any CPU
		{92A0352E-3B51-4039-8F15-ECB535528ED1}.Release|Any CPU.ActiveCfg = Release|Any CPU
		{92A0352E-3B51-4039-8F15-ECB535528ED1}.Release|Any CPU.Build.0 = Release|Any CPU
		{92A0352E-3B51-4039-8F15-ECB535528ED1}.Release|x64.ActiveCfg = Release|Any CPU
		{92A0352E-3B51-4039-8F15-ECB535528ED1}.Release|x64.Build.0 = Release|Any CPU
		{92A0352E-3B51-4039-8F15-ECB535528ED1}.Release|x86.ActiveCfg = Release|Any CPU
		{92A0352E-3B51-4039-8F15-ECB535528ED1}.Release|x86.Build.0 = Release|Any CPU
		{D2BECCC9-B6E3-4030-9C53-E2441CEA2FA5}.Debug|Any CPU.ActiveCfg = Debug|Any CPU
		{D2BECCC9-B6E3-4030-9C53-E2441CEA2FA5}.Debug|Any CPU.Build.0 = Debug|Any CPU
		{D2BECCC9-B6E3-4030-9C53-E2441CEA2FA5}.Debug|x64.ActiveCfg = Debug|Any CPU
		{D2BECCC9-B6E3-4030-9C53-E2441CEA2FA5}.Debug|x64.Build.0 = Debug|Any CPU
		{D2BECCC9-B6E3-4030-9C53-E2441CEA2FA5}.Debug|x86.ActiveCfg = Debug|Any CPU
		{D2BECCC9-B6E3-4030-9C53-E2441CEA2FA5}.Debug|x86.Build.0 = Debug|Any CPU
		{D2BECCC9-B6E3-4030-9C53-E2441CEA2FA5}.Release|Any CPU.ActiveCfg = Release|Any CPU
		{D2BECCC9-B6E3-4030-9C53-E2441CEA2FA5}.Release|Any CPU.Build.0 = Release|Any CPU
		{D2BECCC9-B6E3-4030-9C53-E2441CEA2FA5}.Release|x64.ActiveCfg = Release|Any CPU
		{D2BECCC9-B6E3-4030-9C53-E2441CEA2FA5}.Release|x64.Build.0 = Release|Any CPU
		{D2BECCC9-B6E3-4030-9C53-E2441CEA2FA5}.Release|x86.ActiveCfg = Release|Any CPU
		{D2BECCC9-B6E3-4030-9C53-E2441CEA2FA5}.Release|x86.Build.0 = Release|Any CPU
		{104B149E-552C-4166-86E8-A379C8EF54D3}.Debug|Any CPU.ActiveCfg = Debug|Any CPU
		{104B149E-552C-4166-86E8-A379C8EF54D3}.Debug|Any CPU.Build.0 = Debug|Any CPU
		{104B149E-552C-4166-86E8-A379C8EF54D3}.Debug|x64.ActiveCfg = Debug|Any CPU
		{104B149E-552C-4166-86E8-A379C8EF54D3}.Debug|x64.Build.0 = Debug|Any CPU
		{104B149E-552C-4166-86E8-A379C8EF54D3}.Debug|x86.ActiveCfg = Debug|Any CPU
		{104B149E-552C-4166-86E8-A379C8EF54D3}.Debug|x86.Build.0 = Debug|Any CPU
		{104B149E-552C-4166-86E8-A379C8EF54D3}.Release|Any CPU.ActiveCfg = Release|Any CPU
		{104B149E-552C-4166-86E8-A379C8EF54D3}.Release|Any CPU.Build.0 = Release|Any CPU
		{104B149E-552C-4166-86E8-A379C8EF54D3}.Release|x64.ActiveCfg = Release|Any CPU
		{104B149E-552C-4166-86E8-A379C8EF54D3}.Release|x64.Build.0 = Release|Any CPU
		{104B149E-552C-4166-86E8-A379C8EF54D3}.Release|x86.ActiveCfg = Release|Any CPU
		{104B149E-552C-4166-86E8-A379C8EF54D3}.Release|x86.Build.0 = Release|Any CPU
	EndGlobalSection
	GlobalSection(SolutionProperties) = preSolution
		HideSolutionNode = FALSE
	EndGlobalSection
	GlobalSection(NestedProjects) = preSolution
		{92A0352E-3B51-4039-8F15-ECB535528ED1} = {F374D525-6A8F-C86E-EC2B-1044A6F46595}
	EndGlobalSection
EndGlobal
